// !$*UTF8*$!
{
	archiveVersion = 1;
	classes = {
	};
	objectVersion = 46;
	objects = {

/* Begin PBXBuildFile section */
		D5120DEA1F135074006B10B9 /* main.m in Sources */ = {isa = PBXBuildFile; fileRef = D5120DE91F135074006B10B9 /* main.m */; };
		D5120DED1F135074006B10B9 /* AppDelegate.m in Sources */ = {isa = PBXBuildFile; fileRef = D5120DEC1F135074006B10B9 /* AppDelegate.m */; };
		D5120DF01F135074006B10B9 /* ViewController.m in Sources */ = {isa = PBXBuildFile; fileRef = D5120DEF1F135074006B10B9 /* ViewController.m */; };
		D5120DF31F135074006B10B9 /* Main.storyboard in Resources */ = {isa = PBXBuildFile; fileRef = D5120DF11F135074006B10B9 /* Main.storyboard */; };
		D5120DF51F135074006B10B9 /* Assets.xcassets in Resources */ = {isa = PBXBuildFile; fileRef = D5120DF41F135074006B10B9 /* Assets.xcassets */; };
		D5120DF81F135074006B10B9 /* LaunchScreen.storyboard in Resources */ = {isa = PBXBuildFile; fileRef = D5120DF61F135074006B10B9 /* LaunchScreen.storyboard */; };
		D5120E031F135074006B10B9 /* _0170710001_SimpleFactory_XMLConfigTests.m in Sources */ = {isa = PBXBuildFile; fileRef = D5120E021F135074006B10B9 /* _0170710001_SimpleFactory_XMLConfigTests.m */; };
		D5120E0E1F135074006B10B9 /* _0170710001_SimpleFactory_XMLConfigUITests.m in Sources */ = {isa = PBXBuildFile; fileRef = D5120E0D1F135074006B10B9 /* _0170710001_SimpleFactory_XMLConfigUITests.m */; };
		D5120E1D1F135122006B10B9 /* CategoryList.plist in Resources */ = {isa = PBXBuildFile; fileRef = D5120E1C1F135122006B10B9 /* CategoryList.plist */; };
		D5120E271F13570B006B10B9 /* CategoryTableViewController.m in Sources */ = {isa = PBXBuildFile; fileRef = D5120E261F13570B006B10B9 /* CategoryTableViewController.m */; };
		D5120E3C1F13672F006B10B9 /* ViewsFactory.m in Sources */ = {isa = PBXBuildFile; fileRef = D5120E3B1F13672F006B10B9 /* ViewsFactory.m */; };
		D5120E4B1F1367D0006B10B9 /* FuzhuangCategoryTableViewCell.m in Sources */ = {isa = PBXBuildFile; fileRef = D5120E401F1367D0006B10B9 /* FuzhuangCategoryTableViewCell.m */; };
		D5120E4C1F1367D0006B10B9 /* JiadianCategoryTableViewCell.m in Sources */ = {isa = PBXBuildFile; fileRef = D5120E421F1367D0006B10B9 /* JiadianCategoryTableViewCell.m */; };
		D5120E4D1F1367D0006B10B9 /* MuyingCategoryTableViewCell.m in Sources */ = {isa = PBXBuildFile; fileRef = D5120E441F1367D0006B10B9 /* MuyingCategoryTableViewCell.m */; };
		D5120E4E1F1367D0006B10B9 /* ShengxianCategoryTableViewCell.m in Sources */ = {isa = PBXBuildFile; fileRef = D5120E461F1367D0006B10B9 /* ShengxianCategoryTableViewCell.m */; };
		D5120E4F1F1367D0006B10B9 /* ShumaCategoryTableViewCell.m in Sources */ = {isa = PBXBuildFile; fileRef = D5120E481F1367D0006B10B9 /* ShumaCategoryTableViewCell.m */; };
		D5120E501F1367D0006B10B9 /* XiangbaoCategoryTableViewCell.m in Sources */ = {isa = PBXBuildFile; fileRef = D5120E4A1F1367D0006B10B9 /* XiangbaoCategoryTableViewCell.m */; };
		D5120E551F136FC5006B10B9 /* XmlParserUtil.m in Sources */ = {isa = PBXBuildFile; fileRef = D5120E541F136FC5006B10B9 /* XmlParserUtil.m */; };
		D5120E581F136FEF006B10B9 /* ViewBeanConfig.xml in Resources */ = {isa = PBXBuildFile; fileRef = D5120E571F136FEF006B10B9 /* ViewBeanConfig.xml */; };
/* End PBXBuildFile section */

/* Begin PBXContainerItemProxy section */
		D5120DFF1F135074006B10B9 /* PBXContainerItemProxy */ = {
			isa = PBXContainerItemProxy;
			containerPortal = D5120DDD1F135074006B10B9 /* Project object */;
			proxyType = 1;
			remoteGlobalIDString = D5120DE41F135074006B10B9;
			remoteInfo = "20170710001-SimpleFactory-XMLConfig";
		};
		D5120E0A1F135074006B10B9 /* PBXContainerItemProxy */ = {
			isa = PBXContainerItemProxy;
			containerPortal = D5120DDD1F135074006B10B9 /* Project object */;
			proxyType = 1;
			remoteGlobalIDString = D5120DE41F135074006B10B9;
			remoteInfo = "20170710001-SimpleFactory-XMLConfig";
		};
/* End PBXContainerItemProxy section */

/* Begin PBXFileReference section */
		D5120DE51F135074006B10B9 /* 20170710001-SimpleFactory-XMLConfig.app */ = {isa = PBXFileReference; explicitFileType = wrapper.application; includeInIndex = 0; path = "20170710001-SimpleFactory-XMLConfig.app"; sourceTree = BUILT_PRODUCTS_DIR; };
		D5120DE91F135074006B10B9 /* main.m */ = {isa = PBXFileReference; lastKnownFileType = sourcecode.c.objc; path = main.m; sourceTree = "<group>"; };
		D5120DEB1F135074006B10B9 /* AppDelegate.h */ = {isa = PBXFileReference; lastKnownFileType = sourcecode.c.h; path = AppDelegate.h; sourceTree = "<group>"; };
		D5120DEC1F135074006B10B9 /* AppDelegate.m */ = {isa = PBXFileReference; lastKnownFileType = sourcecode.c.objc; path = AppDelegate.m; sourceTree = "<group>"; };
		D5120DEE1F135074006B10B9 /* ViewController.h */ = {isa = PBXFileReference; lastKnownFileType = sourcecode.c.h; path = ViewController.h; sourceTree = "<group>"; };
		D5120DEF1F135074006B10B9 /* ViewController.m */ = {isa = PBXFileReference; lastKnownFileType = sourcecode.c.objc; path = ViewController.m; sourceTree = "<group>"; };
		D5120DF21F135074006B10B9 /* Base */ = {isa = PBXFileReference; lastKnownFileType = file.storyboard; name = Base; path = Base.lproj/Main.storyboard; sourceTree = "<group>"; };
		D5120DF41F135074006B10B9 /* Assets.xcassets */ = {isa = PBXFileReference; lastKnownFileType = folder.assetcatalog; path = Assets.xcassets; sourceTree = "<group>"; };
		D5120DF71F135074006B10B9 /* Base */ = {isa = PBXFileReference; lastKnownFileType = file.storyboard; name = Base; path = Base.lproj/LaunchScreen.storyboard; sourceTree = "<group>"; };
		D5120DF91F135074006B10B9 /* Info.plist */ = {isa = PBXFileReference; lastKnownFileType = text.plist.xml; path = Info.plist; sourceTree = "<group>"; };
		D5120DFE1F135074006B10B9 /* 20170710001-SimpleFactory-XMLConfigTests.xctest */ = {isa = PBXFileReference; explicitFileType = wrapper.cfbundle; includeInIndex = 0; path = "20170710001-SimpleFactory-XMLConfigTests.xctest"; sourceTree = BUILT_PRODUCTS_DIR; };
		D5120E021F135074006B10B9 /* _0170710001_SimpleFactory_XMLConfigTests.m */ = {isa = PBXFileReference; lastKnownFileType = sourcecode.c.objc; path = _0170710001_SimpleFactory_XMLConfigTests.m; sourceTree = "<group>"; };
		D5120E041F135074006B10B9 /* Info.plist */ = {isa = PBXFileReference; lastKnownFileType = text.plist.xml; path = Info.plist; sourceTree = "<group>"; };
		D5120E091F135074006B10B9 /* 20170710001-SimpleFactory-XMLConfigUITests.xctest */ = {isa = PBXFileReference; explicitFileType = wrapper.cfbundle; includeInIndex = 0; path = "20170710001-SimpleFactory-XMLConfigUITests.xctest"; sourceTree = BUILT_PRODUCTS_DIR; };
		D5120E0D1F135074006B10B9 /* _0170710001_SimpleFactory_XMLConfigUITests.m */ = {isa = PBXFileReference; lastKnownFileType = sourcecode.c.objc; path = _0170710001_SimpleFactory_XMLConfigUITests.m; sourceTree = "<group>"; };
		D5120E0F1F135074006B10B9 /* Info.plist */ = {isa = PBXFileReference; lastKnownFileType = text.plist.xml; path = Info.plist; sourceTree = "<group>"; };
		D5120E1C1F135122006B10B9 /* CategoryList.plist */ = {isa = PBXFileReference; fileEncoding = 4; lastKnownFileType = text.plist.xml; name = CategoryList.plist; path = DataList/CategoryList.plist; sourceTree = "<group>"; };
		D5120E251F13570B006B10B9 /* CategoryTableViewController.h */ = {isa = PBXFileReference; fileEncoding = 4; lastKnownFileType = sourcecode.c.h; name = CategoryTableViewController.h; path = ViewControllers/CategoryTableViewController.h; sourceTree = "<group>"; };
		D5120E261F13570B006B10B9 /* CategoryTableViewController.m */ = {isa = PBXFileReference; fileEncoding = 4; lastKnownFileType = sourcecode.c.objc; name = CategoryTableViewController.m; path = ViewControllers/CategoryTableViewController.m; sourceTree = "<group>"; };
		D5120E3A1F13672F006B10B9 /* ViewsFactory.h */ = {isa = PBXFileReference; fileEncoding = 4; lastKnownFileType = sourcecode.c.h; name = ViewsFactory.h; path = ViewsFactory/ViewsFactory.h; sourceTree = "<group>"; };
		D5120E3B1F13672F006B10B9 /* ViewsFactory.m */ = {isa = PBXFileReference; fileEncoding = 4; lastKnownFileType = sourcecode.c.objc; name = ViewsFactory.m; path = ViewsFactory/ViewsFactory.m; sourceTree = "<group>"; };
		D5120E3F1F1367D0006B10B9 /* FuzhuangCategoryTableViewCell.h */ = {isa = PBXFileReference; fileEncoding = 4; lastKnownFileType = sourcecode.c.h; path = FuzhuangCategoryTableViewCell.h; sourceTree = "<group>"; };
		D5120E401F1367D0006B10B9 /* FuzhuangCategoryTableViewCell.m */ = {isa = PBXFileReference; fileEncoding = 4; lastKnownFileType = sourcecode.c.objc; path = FuzhuangCategoryTableViewCell.m; sourceTree = "<group>"; };
		D5120E411F1367D0006B10B9 /* JiadianCategoryTableViewCell.h */ = {isa = PBXFileReference; fileEncoding = 4; lastKnownFileType = sourcecode.c.h; path = JiadianCategoryTableViewCell.h; sourceTree = "<group>"; };
		D5120E421F1367D0006B10B9 /* JiadianCategoryTableViewCell.m */ = {isa = PBXFileReference; fileEncoding = 4; lastKnownFileType = sourcecode.c.objc; path = JiadianCategoryTableViewCell.m; sourceTree = "<group>"; };
		D5120E431F1367D0006B10B9 /* MuyingCategoryTableViewCell.h */ = {isa = PBXFileReference; fileEncoding = 4; lastKnownFileType = sourcecode.c.h; path = MuyingCategoryTableViewCell.h; sourceTree = "<group>"; };
		D5120E441F1367D0006B10B9 /* MuyingCategoryTableViewCell.m */ = {isa = PBXFileReference; fileEncoding = 4; lastKnownFileType = sourcecode.c.objc; path = MuyingCategoryTableViewCell.m; sourceTree = "<group>"; };
		D5120E451F1367D0006B10B9 /* ShengxianCategoryTableViewCell.h */ = {isa = PBXFileReference; fileEncoding = 4; lastKnownFileType = sourcecode.c.h; path = ShengxianCategoryTableViewCell.h; sourceTree = "<group>"; };
		D5120E461F1367D0006B10B9 /* ShengxianCategoryTableViewCell.m */ = {isa = PBXFileReference; fileEncoding = 4; lastKnownFileType = sourcecode.c.objc; path = ShengxianCategoryTableViewCell.m; sourceTree = "<group>"; };
		D5120E471F1367D0006B10B9 /* ShumaCategoryTableViewCell.h */ = {isa = PBXFileReference; fileEncoding = 4; lastKnownFileType = sourcecode.c.h; path = ShumaCategoryTableViewCell.h; sourceTree = "<group>"; };
		D5120E481F1367D0006B10B9 /* ShumaCategoryTableViewCell.m */ = {isa = PBXFileReference; fileEncoding = 4; lastKnownFileType = sourcecode.c.objc; path = ShumaCategoryTableViewCell.m; sourceTree = "<group>"; };
		D5120E491F1367D0006B10B9 /* XiangbaoCategoryTableViewCell.h */ = {isa = PBXFileReference; fileEncoding = 4; lastKnownFileType = sourcecode.c.h; path = XiangbaoCategoryTableViewCell.h; sourceTree = "<group>"; };
		D5120E4A1F1367D0006B10B9 /* XiangbaoCategoryTableViewCell.m */ = {isa = PBXFileReference; fileEncoding = 4; lastKnownFileType = sourcecode.c.objc; path = XiangbaoCategoryTableViewCell.m; sourceTree = "<group>"; };
		D5120E531F136FC5006B10B9 /* XmlParserUtil.h */ = {isa = PBXFileReference; fileEncoding = 4; lastKnownFileType = sourcecode.c.h; name = XmlParserUtil.h; path = Utils/XmlParserUtil.h; sourceTree = "<group>"; };
		D5120E541F136FC5006B10B9 /* XmlParserUtil.m */ = {isa = PBXFileReference; fileEncoding = 4; lastKnownFileType = sourcecode.c.objc; name = XmlParserUtil.m; path = Utils/XmlParserUtil.m; sourceTree = "<group>"; };
		D5120E571F136FEF006B10B9 /* ViewBeanConfig.xml */ = {isa = PBXFileReference; fileEncoding = 4; lastKnownFileType = text.xml; path = ViewBeanConfig.xml; sourceTree = "<group>"; };
/* End PBXFileReference section */

/* Begin PBXFrameworksBuildPhase section */
		D5120DE21F135074006B10B9 /* Frameworks */ = {
			isa = PBXFrameworksBuildPhase;
			buildActionMask = 2147483647;
			files = (
			);
			runOnlyForDeploymentPostprocessing = 0;
		};
		D5120DFB1F135074006B10B9 /* Frameworks */ = {
			isa = PBXFrameworksBuildPhase;
			buildActionMask = 2147483647;
			files = (
			);
			runOnlyForDeploymentPostprocessing = 0;
		};
		D5120E061F135074006B10B9 /* Frameworks */ = {
			isa = PBXFrameworksBuildPhase;
			buildActionMask = 2147483647;
			files = (
			);
			runOnlyForDeploymentPostprocessing = 0;
		};
/* End PBXFrameworksBuildPhase section */

/* Begin PBXGroup section */
		D5120DDC1F135074006B10B9 = {
			isa = PBXGroup;
			children = (
				D5120DE71F135074006B10B9 /* 20170710001-SimpleFactory-XMLConfig */,
				D5120E011F135074006B10B9 /* 20170710001-SimpleFactory-XMLConfigTests */,
				D5120E0C1F135074006B10B9 /* 20170710001-SimpleFactory-XMLConfigUITests */,
				D5120DE61F135074006B10B9 /* Products */,
			);
			sourceTree = "<group>";
		};
		D5120DE61F135074006B10B9 /* Products */ = {
			isa = PBXGroup;
			children = (
				D5120DE51F135074006B10B9 /* 20170710001-SimpleFactory-XMLConfig.app */,
				D5120DFE1F135074006B10B9 /* 20170710001-SimpleFactory-XMLConfigTests.xctest */,
				D5120E091F135074006B10B9 /* 20170710001-SimpleFactory-XMLConfigUITests.xctest */,
			);
			name = Products;
			sourceTree = "<group>";
		};
		D5120DE71F135074006B10B9 /* 20170710001-SimpleFactory-XMLConfig */ = {
			isa = PBXGroup;
			children = (
				D5120E3D1F136746006B10B9 /* ViewsFactory */,
				D5120E211F135686006B10B9 /* ViewControllers */,
				D5120E201F13553A006B10B9 /* Utils */,
				D5120E561F136FEF006B10B9 /* Configs */,
				D5120E1B1F1350E1006B10B9 /* DataList */,
				D5120E3E1F1367D0006B10B9 /* Views */,
				D5120DEB1F135074006B10B9 /* AppDelegate.h */,
				D5120DEC1F135074006B10B9 /* AppDelegate.m */,
				D5120DEE1F135074006B10B9 /* ViewController.h */,
				D5120DEF1F135074006B10B9 /* ViewController.m */,
				D5120DF11F135074006B10B9 /* Main.storyboard */,
				D5120DF41F135074006B10B9 /* Assets.xcassets */,
				D5120DF61F135074006B10B9 /* LaunchScreen.storyboard */,
				D5120DF91F135074006B10B9 /* Info.plist */,
				D5120DE81F135074006B10B9 /* Supporting Files */,
			);
			path = "20170710001-SimpleFactory-XMLConfig";
			sourceTree = "<group>";
		};
		D5120DE81F135074006B10B9 /* Supporting Files */ = {
			isa = PBXGroup;
			children = (
				D5120DE91F135074006B10B9 /* main.m */,
			);
			name = "Supporting Files";
			sourceTree = "<group>";
		};
		D5120E011F135074006B10B9 /* 20170710001-SimpleFactory-XMLConfigTests */ = {
			isa = PBXGroup;
			children = (
				D5120E021F135074006B10B9 /* _0170710001_SimpleFactory_XMLConfigTests.m */,
				D5120E041F135074006B10B9 /* Info.plist */,
			);
			path = "20170710001-SimpleFactory-XMLConfigTests";
			sourceTree = "<group>";
		};
		D5120E0C1F135074006B10B9 /* 20170710001-SimpleFactory-XMLConfigUITests */ = {
			isa = PBXGroup;
			children = (
				D5120E0D1F135074006B10B9 /* _0170710001_SimpleFactory_XMLConfigUITests.m */,
				D5120E0F1F135074006B10B9 /* Info.plist */,
			);
			path = "20170710001-SimpleFactory-XMLConfigUITests";
			sourceTree = "<group>";
		};
		D5120E1B1F1350E1006B10B9 /* DataList */ = {
			isa = PBXGroup;
			children = (
				D5120E1C1F135122006B10B9 /* CategoryList.plist */,
			);
			name = DataList;
			sourceTree = "<group>";
		};
		D5120E201F13553A006B10B9 /* Utils */ = {
			isa = PBXGroup;
			children = (
				D5120E531F136FC5006B10B9 /* XmlParserUtil.h */,
				D5120E541F136FC5006B10B9 /* XmlParserUtil.m */,
			);
			name = Utils;
			sourceTree = "<group>";
		};
		D5120E211F135686006B10B9 /* ViewControllers */ = {
			isa = PBXGroup;
			children = (
				D5120E251F13570B006B10B9 /* CategoryTableViewController.h */,
				D5120E261F13570B006B10B9 /* CategoryTableViewController.m */,
			);
			name = ViewControllers;
			sourceTree = "<group>";
		};
		D5120E3D1F136746006B10B9 /* ViewsFactory */ = {
			isa = PBXGroup;
			children = (
				D5120E3A1F13672F006B10B9 /* ViewsFactory.h */,
				D5120E3B1F13672F006B10B9 /* ViewsFactory.m */,
			);
			name = ViewsFactory;
			sourceTree = "<group>";
		};
		D5120E3E1F1367D0006B10B9 /* Views */ = {
			isa = PBXGroup;
			children = (
				D5120E3F1F1367D0006B10B9 /* FuzhuangCategoryTableViewCell.h */,
				D5120E401F1367D0006B10B9 /* FuzhuangCategoryTableViewCell.m */,
				D5120E411F1367D0006B10B9 /* JiadianCategoryTableViewCell.h */,
				D5120E421F1367D0006B10B9 /* JiadianCategoryTableViewCell.m */,
				D5120E431F1367D0006B10B9 /* MuyingCategoryTableViewCell.h */,
				D5120E441F1367D0006B10B9 /* MuyingCategoryTableViewCell.m */,
				D5120E451F1367D0006B10B9 /* ShengxianCategoryTableViewCell.h */,
				D5120E461F1367D0006B10B9 /* ShengxianCategoryTableViewCell.m */,
				D5120E471F1367D0006B10B9 /* ShumaCategoryTableViewCell.h */,
				D5120E481F1367D0006B10B9 /* ShumaCategoryTableViewCell.m */,
				D5120E491F1367D0006B10B9 /* XiangbaoCategoryTableViewCell.h */,
				D5120E4A1F1367D0006B10B9 /* XiangbaoCategoryTableViewCell.m */,
			);
			path = Views;
			sourceTree = "<group>";
		};
		D5120E561F136FEF006B10B9 /* Configs */ = {
			isa = PBXGroup;
			children = (
				D5120E571F136FEF006B10B9 /* ViewBeanConfig.xml */,
			);
			path = Configs;
			sourceTree = "<group>";
		};
/* End PBXGroup section */

/* Begin PBXNativeTarget section */
		D5120DE41F135074006B10B9 /* 20170710001-SimpleFactory-XMLConfig */ = {
			isa = PBXNativeTarget;
			buildConfigurationList = D5120E121F135074006B10B9 /* Build configuration list for PBXNativeTarget "20170710001-SimpleFactory-XMLConfig" */;
			buildPhases = (
				D5120DE11F135074006B10B9 /* Sources */,
				D5120DE21F135074006B10B9 /* Frameworks */,
				D5120DE31F135074006B10B9 /* Resources */,
			);
			buildRules = (
			);
			dependencies = (
			);
			name = "20170710001-SimpleFactory-XMLConfig";
			productName = "20170710001-SimpleFactory-XMLConfig";
			productReference = D5120DE51F135074006B10B9 /* 20170710001-SimpleFactory-XMLConfig.app */;
			productType = "com.apple.product-type.application";
		};
		D5120DFD1F135074006B10B9 /* 20170710001-SimpleFactory-XMLConfigTests */ = {
			isa = PBXNativeTarget;
			buildConfigurationList = D5120E151F135074006B10B9 /* Build configuration list for PBXNativeTarget "20170710001-SimpleFactory-XMLConfigTests" */;
			buildPhases = (
				D5120DFA1F135074006B10B9 /* Sources */,
				D5120DFB1F135074006B10B9 /* Frameworks */,
				D5120DFC1F135074006B10B9 /* Resources */,
			);
			buildRules = (
			);
			dependencies = (
				D5120E001F135074006B10B9 /* PBXTargetDependency */,
			);
			name = "20170710001-SimpleFactory-XMLConfigTests";
			productName = "20170710001-SimpleFactory-XMLConfigTests";
			productReference = D5120DFE1F135074006B10B9 /* 20170710001-SimpleFactory-XMLConfigTests.xctest */;
			productType = "com.apple.product-type.bundle.unit-test";
		};
		D5120E081F135074006B10B9 /* 20170710001-SimpleFactory-XMLConfigUITests */ = {
			isa = PBXNativeTarget;
			buildConfigurationList = D5120E181F135074006B10B9 /* Build configuration list for PBXNativeTarget "20170710001-SimpleFactory-XMLConfigUITests" */;
			buildPhases = (
				D5120E051F135074006B10B9 /* Sources */,
				D5120E061F135074006B10B9 /* Frameworks */,
				D5120E071F135074006B10B9 /* Resources */,
			);
			buildRules = (
			);
			dependencies = (
				D5120E0B1F135074006B10B9 /* PBXTargetDependency */,
			);
			name = "20170710001-SimpleFactory-XMLConfigUITests";
			productName = "20170710001-SimpleFactory-XMLConfigUITests";
			productReference = D5120E091F135074006B10B9 /* 20170710001-SimpleFactory-XMLConfigUITests.xctest */;
			productType = "com.apple.product-type.bundle.ui-testing";
		};
/* End PBXNativeTarget section */

/* Begin PBXProject section */
		D5120DDD1F135074006B10B9 /* Project object */ = {
			isa = PBXProject;
			attributes = {
				LastUpgradeCheck = 0830;
				ORGANIZATIONNAME = Rainer;
				TargetAttributes = {
					D5120DE41F135074006B10B9 = {
						CreatedOnToolsVersion = 8.3.3;
						DevelopmentTeam = TYM245E8PV;
						ProvisioningStyle = Automatic;
					};
					D5120DFD1F135074006B10B9 = {
						CreatedOnToolsVersion = 8.3.3;
						DevelopmentTeam = TYM245E8PV;
						ProvisioningStyle = Automatic;
						TestTargetID = D5120DE41F135074006B10B9;
					};
					D5120E081F135074006B10B9 = {
						CreatedOnToolsVersion = 8.3.3;
						DevelopmentTeam = TYM245E8PV;
						ProvisioningStyle = Automatic;
						TestTargetID = D5120DE41F135074006B10B9;
					};
				};
			};
			buildConfigurationList = D5120DE01F135074006B10B9 /* Build configuration list for PBXProject "20170710001-SimpleFactory-XMLConfig" */;
			compatibilityVersion = "Xcode 3.2";
			developmentRegion = English;
			hasScannedForEncodings = 0;
			knownRegions = (
				en,
				Base,
			);
			mainGroup = D5120DDC1F135074006B10B9;
			productRefGroup = D5120DE61F135074006B10B9 /* Products */;
			projectDirPath = "";
			projectRoot = "";
			targets = (
				D5120DE41F135074006B10B9 /* 20170710001-SimpleFactory-XMLConfig */,
				D5120DFD1F135074006B10B9 /* 20170710001-SimpleFactory-XMLConfigTests */,
				D5120E081F135074006B10B9 /* 20170710001-SimpleFactory-XMLConfigUITests */,
			);
		};
/* End PBXProject section */

/* Begin PBXResourcesBuildPhase section */
		D5120DE31F135074006B10B9 /* Resources */ = {
			isa = PBXResourcesBuildPhase;
			buildActionMask = 2147483647;
			files = (
				D5120DF81F135074006B10B9 /* LaunchScreen.storyboard in Resources */,
				D5120E1D1F135122006B10B9 /* CategoryList.plist in Resources */,
				D5120DF51F135074006B10B9 /* Assets.xcassets in Resources */,
				D5120E581F136FEF006B10B9 /* ViewBeanConfig.xml in Resources */,
				D5120DF31F135074006B10B9 /* Main.storyboard in Resources */,
			);
			runOnlyForDeploymentPostprocessing = 0;
		};
		D5120DFC1F135074006B10B9 /* Resources */ = {
			isa = PBXResourcesBuildPhase;
			buildActionMask = 2147483647;
			files = (
			);
			runOnlyForDeploymentPostprocessing = 0;
		};
		D5120E071F135074006B10B9 /* Resources */ = {
			isa = PBXResourcesBuildPhase;
			buildActionMask = 2147483647;
			files = (
			);
			runOnlyForDeploymentPostprocessing = 0;
		};
/* End PBXResourcesBuildPhase section */

/* Begin PBXSourcesBuildPhase section */
		D5120DE11F135074006B10B9 /* Sources */ = {
			isa = PBXSourcesBuildPhase;
			buildActionMask = 2147483647;
			files = (
				D5120DF01F135074006B10B9 /* ViewController.m in Sources */,
				D5120E3C1F13672F006B10B9 /* ViewsFactory.m in Sources */,
				D5120E551F136FC5006B10B9 /* XmlParserUtil.m in Sources */,
				D5120E4F1F1367D0006B10B9 /* ShumaCategoryTableViewCell.m in Sources */,
				D5120E4D1F1367D0006B10B9 /* MuyingCategoryTableViewCell.m in Sources */,
				D5120E271F13570B006B10B9 /* CategoryTableViewController.m in Sources */,
				D5120DED1F135074006B10B9 /* AppDelegate.m in Sources */,
				D5120DEA1F135074006B10B9 /* main.m in Sources */,
				D5120E4C1F1367D0006B10B9 /* JiadianCategoryTableViewCell.m in Sources */,
				D5120E501F1367D0006B10B9 /* XiangbaoCategoryTableViewCell.m in Sources */,
				D5120E4E1F1367D0006B10B9 /* ShengxianCategoryTableViewCell.m in Sources */,
				D5120E4B1F1367D0006B10B9 /* FuzhuangCategoryTableViewCell.m in Sources */,
			);
			runOnlyForDeploymentPostprocessing = 0;
		};
		D5120DFA1F135074006B10B9 /* Sources */ = {
			isa = PBXSourcesBuildPhase;
			buildActionMask = 2147483647;
			files = (
				D5120E031F135074006B10B9 /* _0170710001_SimpleFactory_XMLConfigTests.m in Sources */,
			);
			runOnlyForDeploymentPostprocessing = 0;
		};
		D5120E051F135074006B10B9 /* Sources */ = {
			isa = PBXSourcesBuildPhase;
			buildActionMask = 2147483647;
			files = (
				D5120E0E1F135074006B10B9 /* _0170710001_SimpleFactory_XMLConfigUITests.m in Sources */,
			);
			runOnlyForDeploymentPostprocessing = 0;
		};
/* End PBXSourcesBuildPhase section */

/* Begin PBXTargetDependency section */
		D5120E001F135074006B10B9 /* PBXTargetDependency */ = {
			isa = PBXTargetDependency;
			target = D5120DE41F135074006B10B9 /* 20170710001-SimpleFactory-XMLConfig */;
			targetProxy = D5120DFF1F135074006B10B9 /* PBXContainerItemProxy */;
		};
		D5120E0B1F135074006B10B9 /* PBXTargetDependency */ = {
			isa = PBXTargetDependency;
			target = D5120DE41F135074006B10B9 /* 20170710001-SimpleFactory-XMLConfig */;
			targetProxy = D5120E0A1F135074006B10B9 /* PBXContainerItemProxy */;
		};
/* End PBXTargetDependency section */

/* Begin PBXVariantGroup section */
		D5120DF11F135074006B10B9 /* Main.storyboard */ = {
			isa = PBXVariantGroup;
			children = (
				D5120DF21F135074006B10B9 /* Base */,
			);
			name = Main.storyboard;
			sourceTree = "<group>";
		};
		D5120DF61F135074006B10B9 /* LaunchScreen.storyboard */ = {
			isa = PBXVariantGroup;
			children = (
				D5120DF71F135074006B10B9 /* Base */,
			);
			name = LaunchScreen.storyboard;
			sourceTree = "<group>";
		};
/* End PBXVariantGroup section */

/* Begin XCBuildConfiguration section */
		D5120E101F135074006B10B9 /* Debug */ = {
			isa = XCBuildConfiguration;
			buildSettings = {
				ALWAYS_SEARCH_USER_PATHS = NO;
				CLANG_ANALYZER_NONNULL = YES;
				CLANG_ANALYZER_NUMBER_OBJECT_CONVERSION = YES_AGGRESSIVE;
				CLANG_CXX_LANGUAGE_STANDARD = "gnu++0x";
				CLANG_CXX_LIBRARY = "libc++";
				CLANG_ENABLE_MODULES = YES;
				CLANG_ENABLE_OBJC_ARC = YES;
				CLANG_WARN_BOOL_CONVERSION = YES;
				CLANG_WARN_CONSTANT_CONVERSION = YES;
				CLANG_WARN_DIRECT_OBJC_ISA_USAGE = YES_ERROR;
				CLANG_WARN_DOCUMENTATION_COMMENTS = YES;
				CLANG_WARN_EMPTY_BODY = YES;
				CLANG_WARN_ENUM_CONVERSION = YES;
				CLANG_WARN_INFINITE_RECURSION = YES;
				CLANG_WARN_INT_CONVERSION = YES;
				CLANG_WARN_OBJC_ROOT_CLASS = YES_ERROR;
				CLANG_WARN_SUSPICIOUS_MOVE = YES;
				CLANG_WARN_UNREACHABLE_CODE = YES;
				CLANG_WARN__DUPLICATE_METHOD_MATCH = YES;
				"CODE_SIGN_IDENTITY[sdk=iphoneos*]" = "iPhone Developer";
				COPY_PHASE_STRIP = NO;
				DEBUG_INFORMATION_FORMAT = dwarf;
				ENABLE_STRICT_OBJC_MSGSEND = YES;
				ENABLE_TESTABILITY = YES;
				GCC_C_LANGUAGE_STANDARD = gnu99;
				GCC_DYNAMIC_NO_PIC = NO;
				GCC_NO_COMMON_BLOCKS = YES;
				GCC_OPTIMIZATION_LEVEL = 0;
				GCC_PREPROCESSOR_DEFINITIONS = (
					"DEBUG=1",
					"$(inherited)",
				);
				GCC_WARN_64_TO_32_BIT_CONVERSION = YES;
				GCC_WARN_ABOUT_RETURN_TYPE = YES_ERROR;
				GCC_WARN_UNDECLARED_SELECTOR = YES;
				GCC_WARN_UNINITIALIZED_AUTOS = YES_AGGRESSIVE;
				GCC_WARN_UNUSED_FUNCTION = YES;
				GCC_WARN_UNUSED_VARIABLE = YES;
				IPHONEOS_DEPLOYMENT_TARGET = 10.3;
				MTL_ENABLE_DEBUG_INFO = YES;
				ONLY_ACTIVE_ARCH = YES;
				SDKROOT = iphoneos;
			};
			name = Debug;
		};
		D5120E111F135074006B10B9 /* Release */ = {
			isa = XCBuildConfiguration;
			buildSettings = {
				ALWAYS_SEARCH_USER_PATHS = NO;
				CLANG_ANALYZER_NONNULL = YES;
				CLANG_ANALYZER_NUMBER_OBJECT_CONVERSION = YES_AGGRESSIVE;
				CLANG_CXX_LANGUAGE_STANDARD = "gnu++0x";
				CLANG_CXX_LIBRARY = "libc++";
				CLANG_ENABLE_MODULES = YES;
				CLANG_ENABLE_OBJC_ARC = YES;
				CLANG_WARN_BOOL_CONVERSION = YES;
				CLANG_WARN_CONSTANT_CONVERSION = YES;
				CLANG_WARN_DIRECT_OBJC_ISA_USAGE = YES_ERROR;
				CLANG_WARN_DOCUMENTATION_COMMENTS = YES;
				CLANG_WARN_EMPTY_BODY = YES;
				CLANG_WARN_ENUM_CONVERSION = YES;
				CLANG_WARN_INFINITE_RECURSION = YES;
				CLANG_WARN_INT_CONVERSION = YES;
				CLANG_WARN_OBJC_ROOT_CLASS = YES_ERROR;
				CLANG_WARN_SUSPICIOUS_MOVE = YES;
				CLANG_WARN_UNREACHABLE_CODE = YES;
				CLANG_WARN__DUPLICATE_METHOD_MATCH = YES;
				"CODE_SIGN_IDENTITY[sdk=iphoneos*]" = "iPhone Developer";
				COPY_PHASE_STRIP = NO;
				DEBUG_INFORMATION_FORMAT = "dwarf-with-dsym";
				ENABLE_NS_ASSERTIONS = NO;
				ENABLE_STRICT_OBJC_MSGSEND = YES;
				GCC_C_LANGUAGE_STANDARD = gnu99;
				GCC_NO_COMMON_BLOCKS = YES;
				GCC_WARN_64_TO_32_BIT_CONVERSION = YES;
				GCC_WARN_ABOUT_RETURN_TYPE = YES_ERROR;
				GCC_WARN_UNDECLARED_SELECTOR = YES;
				GCC_WARN_UNINITIALIZED_AUTOS = YES_AGGRESSIVE;
				GCC_WARN_UNUSED_FUNCTION = YES;
				GCC_WARN_UNUSED_VARIABLE = YES;
				IPHONEOS_DEPLOYMENT_TARGET = 10.3;
				MTL_ENABLE_DEBUG_INFO = NO;
				SDKROOT = iphoneos;
				VALIDATE_PRODUCT = YES;
			};
			name = Release;
		};
		D5120E131F135074006B10B9 /* Debug */ = {
			isa = XCBuildConfiguration;
			buildSettings = {
				ASSETCATALOG_COMPILER_APPICON_NAME = AppIcon;
				DEVELOPMENT_TEAM = TYM245E8PV;
				INFOPLIST_FILE = "20170710001-SimpleFactory-XMLConfig/Info.plist";
				LD_RUNPATH_SEARCH_PATHS = "$(inherited) @executable_path/Frameworks";
				PRODUCT_BUNDLE_IDENTIFIER = "com.sand.-0170710001-SimpleFactory-XMLConfig";
				PRODUCT_NAME = "$(TARGET_NAME)";
			};
			name = Debug;
		};
		D5120E141F135074006B10B9 /* Release */ = {
			isa = XCBuildConfiguration;
			buildSettings = {
				ASSETCATALOG_COMPILER_APPICON_NAME = AppIcon;
				DEVELOPMENT_TEAM = TYM245E8PV;
				INFOPLIST_FILE = "20170710001-SimpleFactory-XMLConfig/Info.plist";
				LD_RUNPATH_SEARCH_PATHS = "$(inherited) @executable_path/Frameworks";
				PRODUCT_BUNDLE_IDENTIFIER = "com.sand.-0170710001-SimpleFactory-XMLConfig";
				PRODUCT_NAME = "$(TARGET_NAME)";
			};
			name = Release;
		};
		D5120E161F135074006B10B9 /* Debug */ = {
			isa = XCBuildConfiguration;
			buildSettings = {
				BUNDLE_LOADER = "$(TEST_HOST)";
				DEVELOPMENT_TEAM = TYM245E8PV;
				INFOPLIST_FILE = "20170710001-SimpleFactory-XMLConfigTests/Info.plist";
				LD_RUNPATH_SEARCH_PATHS = "$(inherited) @executable_path/Frameworks @loader_path/Frameworks";
				PRODUCT_BUNDLE_IDENTIFIER = "com.sand.-0170710001-SimpleFactory-XMLConfigTests";
				PRODUCT_NAME = "$(TARGET_NAME)";
				TEST_HOST = "$(BUILT_PRODUCTS_DIR)/20170710001-SimpleFactory-XMLConfig.app/20170710001-SimpleFactory-XMLConfig";
			};
			name = Debug;
		};
		D5120E171F135074006B10B9 /* Release */ = {
			isa = XCBuildConfiguration;
			buildSettings = {
				BUNDLE_LOADER = "$(TEST_HOST)";
				DEVELOPMENT_TEAM = TYM245E8PV;
				INFOPLIST_FILE = "20170710001-SimpleFactory-XMLConfigTests/Info.plist";
				LD_RUNPATH_SEARCH_PATHS = "$(inherited) @executable_path/Frameworks @loader_path/Frameworks";
				PRODUCT_BUNDLE_IDENTIFIER = "com.sand.-0170710001-SimpleFactory-XMLConfigTests";
				PRODUCT_NAME = "$(TARGET_NAME)";
				TEST_HOST = "$(BUILT_PRODUCTS_DIR)/20170710001-SimpleFactory-XMLConfig.app/20170710001-SimpleFactory-XMLConfig";
			};
			name = Release;
		};
		D5120E191F135074006B10B9 /* Debug */ = {
			isa = XCBuildConfiguration;
			buildSettings = {
				DEVELOPMENT_TEAM = TYM245E8PV;
				INFOPLIST_FILE = "20170710001-SimpleFactory-XMLConfigUITests/Info.plist";
				LD_RUNPATH_SEARCH_PATHS = "$(inherited) @executable_path/Frameworks @loader_path/Frameworks";
				PRODUCT_BUNDLE_IDENTIFIER = "com.sand.-0170710001-SimpleFactory-XMLConfigUITests";
				PRODUCT_NAME = "$(TARGET_NAME)";
				TEST_TARGET_NAME = "20170710001-SimpleFactory-XMLConfig";
			};
			name = Debug;
		};
		D5120E1A1F135074006B10B9 /* Release */ = {
			isa = XCBuildConfiguration;
			buildSettings = {
				DEVELOPMENT_TEAM = TYM245E8PV;
				INFOPLIST_FILE = "20170710001-SimpleFactory-XMLConfigUITests/Info.plist";
				LD_RUNPATH_SEARCH_PATHS = "$(inherited) @executable_path/Frameworks @loader_path/Frameworks";
				PRODUCT_BUNDLE_IDENTIFIER = "com.sand.-0170710001-SimpleFactory-XMLConfigUITests";
				PRODUCT_NAME = "$(TARGET_NAME)";
				TEST_TARGET_NAME = "20170710001-SimpleFactory-XMLConfig";
			};
			name = Release;
		};
/* End XCBuildConfiguration section */

/* Begin XCConfigurationList section */
		D5120DE01F135074006B10B9 /* Build configuration list for PBXProject "20170710001-SimpleFactory-XMLConfig" */ = {
			isa = XCConfigurationList;
			buildConfigurations = (
				D5120E101F135074006B10B9 /* Debug */,
				D5120E111F135074006B10B9 /* Release */,
			);
			defaultConfigurationIsVisible = 0;
			defaultConfigurationName = Release;
		};
		D5120E121F135074006B10B9 /* Build configuration list for PBXNativeTarget "20170710001-SimpleFactory-XMLConfig" */ = {
			isa = XCConfigurationList;
			buildConfigurations = (
				D5120E131F135074006B10B9 /* Debug */,
				D5120E141F135074006B10B9 /* Release */,
			);
			defaultConfigurationIsVisible = 0;
		};
		D5120E151F135074006B10B9 /* Build configuration list for PBXNativeTarget "20170710001-SimpleFactory-XMLConfigTests" */ = {
			isa = XCConfigurationList;
			buildConfigurations = (
				D5120E161F135074006B10B9 /* Debug */,
				D5120E171F135074006B10B9 /* Release */,
			);
			defaultConfigurationIsVisible = 0;
		};
		D5120E181F135074006B10B9 /* Build configuration list for PBXNativeTarget "20170710001-SimpleFactory-XMLConfigUITests" */ = {
			isa = XCConfigurationList;
			buildConfigurations = (
				D5120E191F135074006B10B9 /* Debug */,
				D5120E1A1F135074006B10B9 /* Release */,
			);
			defaultConfigurationIsVisible = 0;
		};
/* End XCConfigurationList section */
	};
	rootObject = D5120DDD1F135074006B10B9 /* Project object */;
}
